# This file was autogenerated by Stack.
# You should not edit this file by hand.
# For more information, please see the documentation at:
#   https://docs.haskellstack.org/en/stable/lock_files

packages:
- completed:
    hackage: image-type-0.1.0.0@sha256:47033c893690f2cea85ba867343f277a8e2594f9010a5466a39dc7f3c4d682f2,1676
    pantry-tree:
      size: 213
      sha256: b5fdbe4fad60e5e48fc972667ae84db4ecf62a9f9f979abf4888235baa776819
  original:
    hackage: image-type-0.1.0.0@sha256:47033c893690f2cea85ba867343f277a8e2594f9010a5466a39dc7f3c4d682f2
snapshots:
- completed:
    size: 534126
    url: https://raw.githubusercontent.com/commercialhaskell/stackage-snapshots/master/lts/16/31.yaml
    sha256: 637fb77049b25560622a224845b7acfe81a09fdb6a96a3c75997a10b651667f6
  original:
    url: https://raw.githubusercontent.com/commercialhaskell/stackage-snapshots/master/lts/16/31.yaml
